
Microsoft Visual Studio Solution File, Format Version 12.00
# Visual Studio Version 17
VisualStudioVersion = 17.6.33723.286
MinimumVisualStudioVersion = 10.0.40219.1
Project("{9A19103F-16F7-4668-BE54-9A1E7A4F7556}") = "Reservas-API", "Reservas-API\Reservas-API.csproj", "{268EEFB5-8907-4CF3-BB21-120C80C5BDCA}"
EndProject
Project("{9A19103F-16F7-4668-BE54-9A1E7A4F7556}") = "Reservas-DOMAIN", "Reservas-DOMAIN\Reservas-DOMAIN.csproj", "{BBD781CA-8E29-44DF-BBD1-B8CC36D7BFA6}"
EndProject
Project("{9A19103F-16F7-4668-BE54-9A1E7A4F7556}") = "Reservas-INFRASTRUCTURE", "Reservas-INFRASTRUCTURE\Reservas-INFRASTRUCTURE.csproj", "{06D7D1BA-D69A-4B1F-A06C-05209A500CD1}"
EndProject
Project("{2150E333-8FDC-42A3-9474-1A3956D46DE8}") = "Elementos de la solución", "Elementos de la solución", "{816610EA-6370-4ACE-9ED7-56867A442489}"
	ProjectSection(SolutionItems) = preProject
		docker-compose.yml = docker-compose.yml
		Dockerfile = Dockerfile
	EndProjectSection
EndProject
Global
	GlobalSection(SolutionConfigurationPlatforms) = preSolution
		Debug|Any CPU = Debug|Any CPU
		Release|Any CPU = Release|Any CPU
	EndGlobalSection
	GlobalSection(ProjectConfigurationPlatforms) = postSolution
		{268EEFB5-8907-4CF3-BB21-120C80C5BDCA}.Debug|Any CPU.ActiveCfg = Debug|Any CPU
		{268EEFB5-8907-4CF3-BB21-120C80C5BDCA}.Debug|Any CPU.Build.0 = Debug|Any CPU
		{268EEFB5-8907-4CF3-BB21-120C80C5BDCA}.Release|Any CPU.ActiveCfg = Release|Any CPU
		{268EEFB5-8907-4CF3-BB21-120C80C5BDCA}.Release|Any CPU.Build.0 = Release|Any CPU
		{BBD781CA-8E29-44DF-BBD1-B8CC36D7BFA6}.Debug|Any CPU.ActiveCfg = Debug|Any CPU
		{BBD781CA-8E29-44DF-BBD1-B8CC36D7BFA6}.Debug|Any CPU.Build.0 = Debug|Any CPU
		{BBD781CA-8E29-44DF-BBD1-B8CC36D7BFA6}.Release|Any CPU.ActiveCfg = Release|Any CPU
		{BBD781CA-8E29-44DF-BBD1-B8CC36D7BFA6}.Release|Any CPU.Build.0 = Release|Any CPU
		{06D7D1BA-D69A-4B1F-A06C-05209A500CD1}.Debug|Any CPU.ActiveCfg = Debug|Any CPU
		{06D7D1BA-D69A-4B1F-A06C-05209A500CD1}.Debug|Any CPU.Build.0 = Debug|Any CPU
		{06D7D1BA-D69A-4B1F-A06C-05209A500CD1}.Release|Any CPU.ActiveCfg = Release|Any CPU
		{06D7D1BA-D69A-4B1F-A06C-05209A500CD1}.Release|Any CPU.Build.0 = Release|Any CPU
	EndGlobalSection
	GlobalSection(SolutionProperties) = preSolution
		HideSolutionNode = FALSE
	EndGlobalSection
	GlobalSection(ExtensibilityGlobals) = postSolution
		SolutionGuid = {9344D28B-B50E-44ED-8C94-222ADDFB8BD3}
	EndGlobalSection
EndGlobal
